// !$*UTF8*$!
{
	archiveVersion = 1;
	classes = {
	};
	objectVersion = 51;
	objects = {

/* Begin PBXBuildFile section */
		1F11D735244EA7D100B31ABD /* AppDelegate.swift in Sources */ = {isa = PBXBuildFile; fileRef = 1F11D734244EA7D100B31ABD /* AppDelegate.swift */; };
		1F11D737244EA7D100B31ABD /* SceneDelegate.swift in Sources */ = {isa = PBXBuildFile; fileRef = 1F11D736244EA7D100B31ABD /* SceneDelegate.swift */; };
		1F11D73C244EA7D100B31ABD /* Main.storyboard in Resources */ = {isa = PBXBuildFile; fileRef = 1F11D73A244EA7D100B31ABD /* Main.storyboard */; };
		1F11D73E244EA7D400B31ABD /* Assets.xcassets in Resources */ = {isa = PBXBuildFile; fileRef = 1F11D73D244EA7D400B31ABD /* Assets.xcassets */; };
		1F11D741244EA7D400B31ABD /* LaunchScreen.storyboard in Resources */ = {isa = PBXBuildFile; fileRef = 1F11D73F244EA7D400B31ABD /* LaunchScreen.storyboard */; };
		1F11D74B244EAB8900B31ABD /* TopViewController.swift in Sources */ = {isa = PBXBuildFile; fileRef = 1F11D749244EAB8900B31ABD /* TopViewController.swift */; };
		1F11D74C244EAB8900B31ABD /* TopViewController.xib in Resources */ = {isa = PBXBuildFile; fileRef = 1F11D74A244EAB8900B31ABD /* TopViewController.xib */; };
		1F11D750244EAEDC00B31ABD /* SecondViewController.swift in Sources */ = {isa = PBXBuildFile; fileRef = 1F11D74E244EAEDC00B31ABD /* SecondViewController.swift */; };
		1F11D751244EAEDC00B31ABD /* SecondViewController.xib in Resources */ = {isa = PBXBuildFile; fileRef = 1F11D74F244EAEDC00B31ABD /* SecondViewController.xib */; };
		1F11D754244EB13D00B31ABD /* TopMainView.swift in Sources */ = {isa = PBXBuildFile; fileRef = 1F11D752244EB13D00B31ABD /* TopMainView.swift */; };
		1F11D755244EB13D00B31ABD /* TopMainView.xib in Resources */ = {isa = PBXBuildFile; fileRef = 1F11D753244EB13D00B31ABD /* TopMainView.xib */; };
		1F11D758244EB4FB00B31ABD /* TopMainTableViewCell.swift in Sources */ = {isa = PBXBuildFile; fileRef = 1F11D756244EB4FB00B31ABD /* TopMainTableViewCell.swift */; };
		1F11D759244EB4FB00B31ABD /* TopMainTableViewCell.xib in Resources */ = {isa = PBXBuildFile; fileRef = 1F11D757244EB4FB00B31ABD /* TopMainTableViewCell.xib */; };
		1F11D75C244EBBA800B31ABD /* TopMainCollectionViewCell.swift in Sources */ = {isa = PBXBuildFile; fileRef = 1F11D75A244EBBA800B31ABD /* TopMainCollectionViewCell.swift */; };
		1F11D75D244EBBA800B31ABD /* TopMainCollectionViewCell.xib in Resources */ = {isa = PBXBuildFile; fileRef = 1F11D75B244EBBA800B31ABD /* TopMainCollectionViewCell.xib */; };
		1F11D760244EC86400B31ABD /* SecondMainView.swift in Sources */ = {isa = PBXBuildFile; fileRef = 1F11D75E244EC86400B31ABD /* SecondMainView.swift */; };
		1F11D761244EC86400B31ABD /* SecondMainView.xib in Resources */ = {isa = PBXBuildFile; fileRef = 1F11D75F244EC86400B31ABD /* SecondMainView.xib */; };
		1F11D772244ED32B00B31ABD /* ThirdViewController.swift in Sources */ = {isa = PBXBuildFile; fileRef = 1F11D770244ED32B00B31ABD /* ThirdViewController.swift */; };
		1F11D773244ED32B00B31ABD /* ThirdViewController.xib in Resources */ = {isa = PBXBuildFile; fileRef = 1F11D771244ED32B00B31ABD /* ThirdViewController.xib */; };
		1F11D776244ED35A00B31ABD /* ThirdMainView.swift in Sources */ = {isa = PBXBuildFile; fileRef = 1F11D774244ED35A00B31ABD /* ThirdMainView.swift */; };
		1F11D777244ED35A00B31ABD /* ThirdMainView.xib in Resources */ = {isa = PBXBuildFile; fileRef = 1F11D775244ED35A00B31ABD /* ThirdMainView.xib */; };
		1F11D77A244ED59900B31ABD /* ThirdMainCollectionViewCell.swift in Sources */ = {isa = PBXBuildFile; fileRef = 1F11D778244ED59900B31ABD /* ThirdMainCollectionViewCell.swift */; };
		1F11D77B244ED59900B31ABD /* ThirdMainCollectionViewCell.xib in Resources */ = {isa = PBXBuildFile; fileRef = 1F11D779244ED59900B31ABD /* ThirdMainCollectionViewCell.xib */; };
		1F11D7D32450259D00B31ABD /* FourthViewController.swift in Sources */ = {isa = PBXBuildFile; fileRef = 1F11D7D12450259D00B31ABD /* FourthViewController.swift */; };
		1F11D7D42450259D00B31ABD /* FourthViewController.xib in Resources */ = {isa = PBXBuildFile; fileRef = 1F11D7D22450259D00B31ABD /* FourthViewController.xib */; };
		1F11D7DA24502B8F00B31ABD /* GoogleService-Info.plist in Resources */ = {isa = PBXBuildFile; fileRef = 1F11D7D924502B8F00B31ABD /* GoogleService-Info.plist */; };
		1F11D7DD24502CBF00B31ABD /* PostModel.swift in Sources */ = {isa = PBXBuildFile; fileRef = 1F11D7DC24502CBF00B31ABD /* PostModel.swift */; };
		1F11D7E02450466300B31ABD /* FourthMainView.swift in Sources */ = {isa = PBXBuildFile; fileRef = 1F11D7DE2450466300B31ABD /* FourthMainView.swift */; };
		1F11D7E12450466300B31ABD /* FourthMainView.xib in Resources */ = {isa = PBXBuildFile; fileRef = 1F11D7DF2450466300B31ABD /* FourthMainView.xib */; };
		1F11D88B2456796100B31ABD /* EditViewController.swift in Sources */ = {isa = PBXBuildFile; fileRef = 1F11D8892456796100B31ABD /* EditViewController.swift */; };
		1F11D88C2456796100B31ABD /* EditViewController.xib in Resources */ = {isa = PBXBuildFile; fileRef = 1F11D88A2456796100B31ABD /* EditViewController.xib */; };
		1F11D88F2456799D00B31ABD /* EditMainView.swift in Sources */ = {isa = PBXBuildFile; fileRef = 1F11D88D2456799D00B31ABD /* EditMainView.swift */; };
		1F11D8902456799D00B31ABD /* EditMainView.xib in Resources */ = {isa = PBXBuildFile; fileRef = 1F11D88E2456799D00B31ABD /* EditMainView.xib */; };
		50CABC1A19818687C4FA1679 /* Pods_Instagram.framework in Frameworks */ = {isa = PBXBuildFile; fileRef = 755B776755B7AE3D30D96DED /* Pods_Instagram.framework */; };
/* End PBXBuildFile section */

/* Begin PBXFileReference section */
		040FD5B2942CBC5F7E0B0C5D /* Pods-Instagram.debug.xcconfig */ = {isa = PBXFileReference; includeInIndex = 1; lastKnownFileType = text.xcconfig; name = "Pods-Instagram.debug.xcconfig"; path = "Target Support Files/Pods-Instagram/Pods-Instagram.debug.xcconfig"; sourceTree = "<group>"; };
		15D26B08A10857C8DFA709F6 /* Pods-Instagram.release.xcconfig */ = {isa = PBXFileReference; includeInIndex = 1; lastKnownFileType = text.xcconfig; name = "Pods-Instagram.release.xcconfig"; path = "Target Support Files/Pods-Instagram/Pods-Instagram.release.xcconfig"; sourceTree = "<group>"; };
		1F11D731244EA7D100B31ABD /* Instagram.app */ = {isa = PBXFileReference; explicitFileType = wrapper.application; includeInIndex = 0; path = Instagram.app; sourceTree = BUILT_PRODUCTS_DIR; };
		1F11D734244EA7D100B31ABD /* AppDelegate.swift */ = {isa = PBXFileReference; lastKnownFileType = sourcecode.swift; path = AppDelegate.swift; sourceTree = "<group>"; };
		1F11D736244EA7D100B31ABD /* SceneDelegate.swift */ = {isa = PBXFileReference; lastKnownFileType = sourcecode.swift; path = SceneDelegate.swift; sourceTree = "<group>"; };
		1F11D73B244EA7D100B31ABD /* Base */ = {isa = PBXFileReference; lastKnownFileType = file.storyboard; name = Base; path = Base.lproj/Main.storyboard; sourceTree = "<group>"; };
		1F11D73D244EA7D400B31ABD /* Assets.xcassets */ = {isa = PBXFileReference; lastKnownFileType = folder.assetcatalog; path = Assets.xcassets; sourceTree = "<group>"; };
		1F11D740244EA7D400B31ABD /* Base */ = {isa = PBXFileReference; lastKnownFileType = file.storyboard; name = Base; path = Base.lproj/LaunchScreen.storyboard; sourceTree = "<group>"; };
		1F11D742244EA7D400B31ABD /* Info.plist */ = {isa = PBXFileReference; lastKnownFileType = text.plist.xml; path = Info.plist; sourceTree = "<group>"; };
		1F11D749244EAB8900B31ABD /* TopViewController.swift */ = {isa = PBXFileReference; lastKnownFileType = sourcecode.swift; path = TopViewController.swift; sourceTree = "<group>"; };
		1F11D74A244EAB8900B31ABD /* TopViewController.xib */ = {isa = PBXFileReference; lastKnownFileType = file.xib; path = TopViewController.xib; sourceTree = "<group>"; };
		1F11D74E244EAEDC00B31ABD /* SecondViewController.swift */ = {isa = PBXFileReference; lastKnownFileType = sourcecode.swift; path = SecondViewController.swift; sourceTree = "<group>"; };
		1F11D74F244EAEDC00B31ABD /* SecondViewController.xib */ = {isa = PBXFileReference; lastKnownFileType = file.xib; path = SecondViewController.xib; sourceTree = "<group>"; };
		1F11D752244EB13D00B31ABD /* TopMainView.swift */ = {isa = PBXFileReference; lastKnownFileType = sourcecode.swift; path = TopMainView.swift; sourceTree = "<group>"; };
		1F11D753244EB13D00B31ABD /* TopMainView.xib */ = {isa = PBXFileReference; lastKnownFileType = file.xib; path = TopMainView.xib; sourceTree = "<group>"; };
		1F11D756244EB4FB00B31ABD /* TopMainTableViewCell.swift */ = {isa = PBXFileReference; lastKnownFileType = sourcecode.swift; path = TopMainTableViewCell.swift; sourceTree = "<group>"; };
		1F11D757244EB4FB00B31ABD /* TopMainTableViewCell.xib */ = {isa = PBXFileReference; lastKnownFileType = file.xib; path = TopMainTableViewCell.xib; sourceTree = "<group>"; };
		1F11D75A244EBBA800B31ABD /* TopMainCollectionViewCell.swift */ = {isa = PBXFileReference; lastKnownFileType = sourcecode.swift; path = TopMainCollectionViewCell.swift; sourceTree = "<group>"; };
		1F11D75B244EBBA800B31ABD /* TopMainCollectionViewCell.xib */ = {isa = PBXFileReference; lastKnownFileType = file.xib; path = TopMainCollectionViewCell.xib; sourceTree = "<group>"; };
		1F11D75E244EC86400B31ABD /* SecondMainView.swift */ = {isa = PBXFileReference; lastKnownFileType = sourcecode.swift; path = SecondMainView.swift; sourceTree = "<group>"; };
		1F11D75F244EC86400B31ABD /* SecondMainView.xib */ = {isa = PBXFileReference; lastKnownFileType = file.xib; path = SecondMainView.xib; sourceTree = "<group>"; };
		1F11D770244ED32B00B31ABD /* ThirdViewController.swift */ = {isa = PBXFileReference; lastKnownFileType = sourcecode.swift; path = ThirdViewController.swift; sourceTree = "<group>"; };
		1F11D771244ED32B00B31ABD /* ThirdViewController.xib */ = {isa = PBXFileReference; lastKnownFileType = file.xib; path = ThirdViewController.xib; sourceTree = "<group>"; };
		1F11D774244ED35A00B31ABD /* ThirdMainView.swift */ = {isa = PBXFileReference; lastKnownFileType = sourcecode.swift; path = ThirdMainView.swift; sourceTree = "<group>"; };
		1F11D775244ED35A00B31ABD /* ThirdMainView.xib */ = {isa = PBXFileReference; lastKnownFileType = file.xib; path = ThirdMainView.xib; sourceTree = "<group>"; };
		1F11D778244ED59900B31ABD /* ThirdMainCollectionViewCell.swift */ = {isa = PBXFileReference; lastKnownFileType = sourcecode.swift; path = ThirdMainCollectionViewCell.swift; sourceTree = "<group>"; };
		1F11D779244ED59900B31ABD /* ThirdMainCollectionViewCell.xib */ = {isa = PBXFileReference; lastKnownFileType = file.xib; path = ThirdMainCollectionViewCell.xib; sourceTree = "<group>"; };
		1F11D7D12450259D00B31ABD /* FourthViewController.swift */ = {isa = PBXFileReference; lastKnownFileType = sourcecode.swift; path = FourthViewController.swift; sourceTree = "<group>"; };
		1F11D7D22450259D00B31ABD /* FourthViewController.xib */ = {isa = PBXFileReference; lastKnownFileType = file.xib; path = FourthViewController.xib; sourceTree = "<group>"; };
		1F11D7D924502B8F00B31ABD /* GoogleService-Info.plist */ = {isa = PBXFileReference; fileEncoding = 4; lastKnownFileType = text.plist.xml; path = "GoogleService-Info.plist"; sourceTree = "<group>"; };
		1F11D7DC24502CBF00B31ABD /* PostModel.swift */ = {isa = PBXFileReference; lastKnownFileType = sourcecode.swift; path = PostModel.swift; sourceTree = "<group>"; };
		1F11D7DE2450466300B31ABD /* FourthMainView.swift */ = {isa = PBXFileReference; lastKnownFileType = sourcecode.swift; path = FourthMainView.swift; sourceTree = "<group>"; };
		1F11D7DF2450466300B31ABD /* FourthMainView.xib */ = {isa = PBXFileReference; lastKnownFileType = file.xib; path = FourthMainView.xib; sourceTree = "<group>"; };
		1F11D8892456796100B31ABD /* EditViewController.swift */ = {isa = PBXFileReference; lastKnownFileType = sourcecode.swift; path = EditViewController.swift; sourceTree = "<group>"; };
		1F11D88A2456796100B31ABD /* EditViewController.xib */ = {isa = PBXFileReference; lastKnownFileType = file.xib; path = EditViewController.xib; sourceTree = "<group>"; };
		1F11D88D2456799D00B31ABD /* EditMainView.swift */ = {isa = PBXFileReference; lastKnownFileType = sourcecode.swift; path = EditMainView.swift; sourceTree = "<group>"; };
		1F11D88E2456799D00B31ABD /* EditMainView.xib */ = {isa = PBXFileReference; lastKnownFileType = file.xib; path = EditMainView.xib; sourceTree = "<group>"; };
		755B776755B7AE3D30D96DED /* Pods_Instagram.framework */ = {isa = PBXFileReference; explicitFileType = wrapper.framework; includeInIndex = 0; path = Pods_Instagram.framework; sourceTree = BUILT_PRODUCTS_DIR; };
/* End PBXFileReference section */

/* Begin PBXFrameworksBuildPhase section */
		1F11D72E244EA7D100B31ABD /* Frameworks */ = {
			isa = PBXFrameworksBuildPhase;
			buildActionMask = 2147483647;
			files = (
				50CABC1A19818687C4FA1679 /* Pods_Instagram.framework in Frameworks */,
			);
			runOnlyForDeploymentPostprocessing = 0;
		};
/* End PBXFrameworksBuildPhase section */

/* Begin PBXGroup section */
		1F11D728244EA7D100B31ABD = {
			isa = PBXGroup;
			children = (
				1F11D733244EA7D100B31ABD /* Instagram */,
				1F11D732244EA7D100B31ABD /* Products */,
				F2C84AEB1849DFB1E0C0B7A1 /* Pods */,
				56A991D47D6A36BC44643859 /* Frameworks */,
			);
			sourceTree = "<group>";
		};
		1F11D732244EA7D100B31ABD /* Products */ = {
			isa = PBXGroup;
			children = (
				1F11D731244EA7D100B31ABD /* Instagram.app */,
			);
			name = Products;
			sourceTree = "<group>";
		};
		1F11D733244EA7D100B31ABD /* Instagram */ = {
			isa = PBXGroup;
			children = (
				1F11D8882456793C00B31ABD /* Edit */,
				1F11D7DB24502C9400B31ABD /* Model */,
				1F11D7D02450257B00B31ABD /* Fourth */,
				1F11D76F244ED31100B31ABD /* Third */,
				1F11D74D244EAEC900B31ABD /* Second */,
				1F11D748244EAB6500B31ABD /* Top */,
				1F11D734244EA7D100B31ABD /* AppDelegate.swift */,
				1F11D736244EA7D100B31ABD /* SceneDelegate.swift */,
				1F11D73A244EA7D100B31ABD /* Main.storyboard */,
				1F11D73D244EA7D400B31ABD /* Assets.xcassets */,
				1F11D73F244EA7D400B31ABD /* LaunchScreen.storyboard */,
				1F11D742244EA7D400B31ABD /* Info.plist */,
				1F11D7D924502B8F00B31ABD /* GoogleService-Info.plist */,
			);
			path = Instagram;
			sourceTree = "<group>";
		};
		1F11D748244EAB6500B31ABD /* Top */ = {
			isa = PBXGroup;
			children = (
				1F11D749244EAB8900B31ABD /* TopViewController.swift */,
				1F11D74A244EAB8900B31ABD /* TopViewController.xib */,
				1F11D752244EB13D00B31ABD /* TopMainView.swift */,
				1F11D753244EB13D00B31ABD /* TopMainView.xib */,
				1F11D756244EB4FB00B31ABD /* TopMainTableViewCell.swift */,
				1F11D757244EB4FB00B31ABD /* TopMainTableViewCell.xib */,
				1F11D75A244EBBA800B31ABD /* TopMainCollectionViewCell.swift */,
				1F11D75B244EBBA800B31ABD /* TopMainCollectionViewCell.xib */,
			);
			path = Top;
			sourceTree = "<group>";
		};
		1F11D74D244EAEC900B31ABD /* Second */ = {
			isa = PBXGroup;
			children = (
				1F11D74E244EAEDC00B31ABD /* SecondViewController.swift */,
				1F11D74F244EAEDC00B31ABD /* SecondViewController.xib */,
				1F11D75E244EC86400B31ABD /* SecondMainView.swift */,
				1F11D75F244EC86400B31ABD /* SecondMainView.xib */,
			);
			path = Second;
			sourceTree = "<group>";
		};
		1F11D76F244ED31100B31ABD /* Third */ = {
			isa = PBXGroup;
			children = (
				1F11D770244ED32B00B31ABD /* ThirdViewController.swift */,
				1F11D771244ED32B00B31ABD /* ThirdViewController.xib */,
				1F11D774244ED35A00B31ABD /* ThirdMainView.swift */,
				1F11D775244ED35A00B31ABD /* ThirdMainView.xib */,
				1F11D778244ED59900B31ABD /* ThirdMainCollectionViewCell.swift */,
				1F11D779244ED59900B31ABD /* ThirdMainCollectionViewCell.xib */,
			);
			path = Third;
			sourceTree = "<group>";
		};
		1F11D7D02450257B00B31ABD /* Fourth */ = {
			isa = PBXGroup;
			children = (
				1F11D7D12450259D00B31ABD /* FourthViewController.swift */,
				1F11D7D22450259D00B31ABD /* FourthViewController.xib */,
				1F11D7DE2450466300B31ABD /* FourthMainView.swift */,
				1F11D7DF2450466300B31ABD /* FourthMainView.xib */,
			);
			path = Fourth;
			sourceTree = "<group>";
		};
		1F11D7DB24502C9400B31ABD /* Model */ = {
			isa = PBXGroup;
			children = (
				1F11D7DC24502CBF00B31ABD /* PostModel.swift */,
			);
			path = Model;
			sourceTree = "<group>";
		};
		1F11D8882456793C00B31ABD /* Edit */ = {
			isa = PBXGroup;
			children = (
				1F11D8892456796100B31ABD /* EditViewController.swift */,
				1F11D88A2456796100B31ABD /* EditViewController.xib */,
				1F11D88D2456799D00B31ABD /* EditMainView.swift */,
				1F11D88E2456799D00B31ABD /* EditMainView.xib */,
			);
			path = Edit;
			sourceTree = "<group>";
		};
		56A991D47D6A36BC44643859 /* Frameworks */ = {
			isa = PBXGroup;
			children = (
				755B776755B7AE3D30D96DED /* Pods_Instagram.framework */,
			);
			name = Frameworks;
			sourceTree = "<group>";
		};
		F2C84AEB1849DFB1E0C0B7A1 /* Pods */ = {
			isa = PBXGroup;
			children = (
				040FD5B2942CBC5F7E0B0C5D /* Pods-Instagram.debug.xcconfig */,
				15D26B08A10857C8DFA709F6 /* Pods-Instagram.release.xcconfig */,
			);
			path = Pods;
			sourceTree = "<group>";
		};
/* End PBXGroup section */

/* Begin PBXNativeTarget section */
		1F11D730244EA7D100B31ABD /* Instagram */ = {
			isa = PBXNativeTarget;
			buildConfigurationList = 1F11D745244EA7D400B31ABD /* Build configuration list for PBXNativeTarget "Instagram" */;
			buildPhases = (
				4E6D49634C7B09B14782D9EA /* [CP] Check Pods Manifest.lock */,
				1F11D72D244EA7D100B31ABD /* Sources */,
				1F11D72E244EA7D100B31ABD /* Frameworks */,
				1F11D72F244EA7D100B31ABD /* Resources */,
				E2F526D07F2EEB331AA1C6E4 /* [CP] Embed Pods Frameworks */,
			);
			buildRules = (
			);
			dependencies = (
			);
			name = Instagram;
			productName = Instagram;
			productReference = 1F11D731244EA7D100B31ABD /* Instagram.app */;
			productType = "com.apple.product-type.application";
		};
/* End PBXNativeTarget section */

/* Begin PBXProject section */
		1F11D729244EA7D100B31ABD /* Project object */ = {
			isa = PBXProject;
			attributes = {
				LastSwiftUpdateCheck = 1140;
				LastUpgradeCheck = 1140;
				ORGANIZATIONNAME = "ASW-研修２";
				TargetAttributes = {
					1F11D730244EA7D100B31ABD = {
						CreatedOnToolsVersion = 11.4;
					};
				};
			};
			buildConfigurationList = 1F11D72C244EA7D100B31ABD /* Build configuration list for PBXProject "Instagram" */;
			compatibilityVersion = "Xcode 9.3";
			developmentRegion = en;
			hasScannedForEncodings = 0;
			knownRegions = (
				en,
				Base,
			);
			mainGroup = 1F11D728244EA7D100B31ABD;
			productRefGroup = 1F11D732244EA7D100B31ABD /* Products */;
			projectDirPath = "";
			projectRoot = "";
			targets = (
				1F11D730244EA7D100B31ABD /* Instagram */,
			);
		};
/* End PBXProject section */

/* Begin PBXResourcesBuildPhase section */
		1F11D72F244EA7D100B31ABD /* Resources */ = {
			isa = PBXResourcesBuildPhase;
			buildActionMask = 2147483647;
			files = (
				1F11D77B244ED59900B31ABD /* ThirdMainCollectionViewCell.xib in Resources */,
				1F11D7DA24502B8F00B31ABD /* GoogleService-Info.plist in Resources */,
				1F11D74C244EAB8900B31ABD /* TopViewController.xib in Resources */,
				1F11D741244EA7D400B31ABD /* LaunchScreen.storyboard in Resources */,
				1F11D7D42450259D00B31ABD /* FourthViewController.xib in Resources */,
				1F11D73E244EA7D400B31ABD /* Assets.xcassets in Resources */,
				1F11D8902456799D00B31ABD /* EditMainView.xib in Resources */,
				1F11D773244ED32B00B31ABD /* ThirdViewController.xib in Resources */,
				1F11D759244EB4FB00B31ABD /* TopMainTableViewCell.xib in Resources */,
				1F11D73C244EA7D100B31ABD /* Main.storyboard in Resources */,
				1F11D761244EC86400B31ABD /* SecondMainView.xib in Resources */,
				1F11D7E12450466300B31ABD /* FourthMainView.xib in Resources */,
				1F11D75D244EBBA800B31ABD /* TopMainCollectionViewCell.xib in Resources */,
				1F11D88C2456796100B31ABD /* EditViewController.xib in Resources */,
				1F11D777244ED35A00B31ABD /* ThirdMainView.xib in Resources */,
				1F11D751244EAEDC00B31ABD /* SecondViewController.xib in Resources */,
				1F11D755244EB13D00B31ABD /* TopMainView.xib in Resources */,
			);
			runOnlyForDeploymentPostprocessing = 0;
		};
/* End PBXResourcesBuildPhase section */

/* Begin PBXShellScriptBuildPhase section */
		4E6D49634C7B09B14782D9EA /* [CP] Check Pods Manifest.lock */ = {
			isa = PBXShellScriptBuildPhase;
			buildActionMask = 2147483647;
			files = (
			);
			inputFileListPaths = (
			);
			inputPaths = (
				"${PODS_PODFILE_DIR_PATH}/Podfile.lock",
				"${PODS_ROOT}/Manifest.lock",
			);
			name = "[CP] Check Pods Manifest.lock";
			outputFileListPaths = (
			);
			outputPaths = (
				"$(DERIVED_FILE_DIR)/Pods-Instagram-checkManifestLockResult.txt",
			);
			runOnlyForDeploymentPostprocessing = 0;
			shellPath = /bin/sh;
			shellScript = "diff \"${PODS_PODFILE_DIR_PATH}/Podfile.lock\" \"${PODS_ROOT}/Manifest.lock\" > /dev/null\nif [ $? != 0 ] ; then\n    # print error to STDERR\n    echo \"error: The sandbox is not in sync with the Podfile.lock. Run 'pod install' or update your CocoaPods installation.\" >&2\n    exit 1\nfi\n# This output is used by Xcode 'outputs' to avoid re-running this script phase.\necho \"SUCCESS\" > \"${SCRIPT_OUTPUT_FILE_0}\"\n";
			showEnvVarsInLog = 0;
		};
		E2F526D07F2EEB331AA1C6E4 /* [CP] Embed Pods Frameworks */ = {
			isa = PBXShellScriptBuildPhase;
			buildActionMask = 2147483647;
			files = (
			);
			inputFileListPaths = (
				"${PODS_ROOT}/Target Support Files/Pods-Instagram/Pods-Instagram-frameworks-${CONFIGURATION}-input-files.xcfilelist",
			);
			name = "[CP] Embed Pods Frameworks";
			outputFileListPaths = (
				"${PODS_ROOT}/Target Support Files/Pods-Instagram/Pods-Instagram-frameworks-${CONFIGURATION}-output-files.xcfilelist",
			);
			runOnlyForDeploymentPostprocessing = 0;
			shellPath = /bin/sh;
			shellScript = "\"${PODS_ROOT}/Target Support Files/Pods-Instagram/Pods-Instagram-frameworks.sh\"\n";
			showEnvVarsInLog = 0;
		};
/* End PBXShellScriptBuildPhase section */

/* Begin PBXSourcesBuildPhase section */
		1F11D72D244EA7D100B31ABD /* Sources */ = {
			isa = PBXSourcesBuildPhase;
			buildActionMask = 2147483647;
			files = (
				1F11D758244EB4FB00B31ABD /* TopMainTableViewCell.swift in Sources */,
				1F11D77A244ED59900B31ABD /* ThirdMainCollectionViewCell.swift in Sources */,
				1F11D750244EAEDC00B31ABD /* SecondViewController.swift in Sources */,
				1F11D88F2456799D00B31ABD /* EditMainView.swift in Sources */,
				1F11D7DD24502CBF00B31ABD /* PostModel.swift in Sources */,
				1F11D772244ED32B00B31ABD /* ThirdViewController.swift in Sources */,
				1F11D88B2456796100B31ABD /* EditViewController.swift in Sources */,
				1F11D75C244EBBA800B31ABD /* TopMainCollectionViewCell.swift in Sources */,
				1F11D7D32450259D00B31ABD /* FourthViewController.swift in Sources */,
				1F11D760244EC86400B31ABD /* SecondMainView.swift in Sources */,
				1F11D776244ED35A00B31ABD /* ThirdMainView.swift in Sources */,
				1F11D74B244EAB8900B31ABD /* TopViewController.swift in Sources */,
				1F11D735244EA7D100B31ABD /* AppDelegate.swift in Sources */,
				1F11D7E02450466300B31ABD /* FourthMainView.swift in Sources */,
				1F11D737244EA7D100B31ABD /* SceneDelegate.swift in Sources */,
				1F11D754244EB13D00B31ABD /* TopMainView.swift in Sources */,
			);
			runOnlyForDeploymentPostprocessing = 0;
		};
/* End PBXSourcesBuildPhase section */

/* Begin PBXVariantGroup section */
		1F11D73A244EA7D100B31ABD /* Main.storyboard */ = {
			isa = PBXVariantGroup;
			children = (
				1F11D73B244EA7D100B31ABD /* Base */,
			);
			name = Main.storyboard;
			sourceTree = "<group>";
		};
		1F11D73F244EA7D400B31ABD /* LaunchScreen.storyboard */ = {
			isa = PBXVariantGroup;
			children = (
				1F11D740244EA7D400B31ABD /* Base */,
			);
			name = LaunchScreen.storyboard;
			sourceTree = "<group>";
		};
/* End PBXVariantGroup section */

/* Begin XCBuildConfiguration section */
		1F11D743244EA7D400B31ABD /* Debug */ = {
			isa = XCBuildConfiguration;
			buildSettings = {
				ALWAYS_SEARCH_USER_PATHS = NO;
				CLANG_ANALYZER_NONNULL = YES;
				CLANG_ANALYZER_NUMBER_OBJECT_CONVERSION = YES_AGGRESSIVE;
				CLANG_CXX_LANGUAGE_STANDARD = "gnu++14";
				CLANG_CXX_LIBRARY = "libc++";
				CLANG_ENABLE_MODULES = YES;
				CLANG_ENABLE_OBJC_ARC = YES;
				CLANG_ENABLE_OBJC_WEAK = YES;
				CLANG_WARN_BLOCK_CAPTURE_AUTORELEASING = YES;
				CLANG_WARN_BOOL_CONVERSION = YES;
				CLANG_WARN_COMMA = YES;
				CLANG_WARN_CONSTANT_CONVERSION = YES;
				CLANG_WARN_DEPRECATED_OBJC_IMPLEMENTATIONS = YES;
				CLANG_WARN_DIRECT_OBJC_ISA_USAGE = YES_ERROR;
				CLANG_WARN_DOCUMENTATION_COMMENTS = YES;
				CLANG_WARN_EMPTY_BODY = YES;
				CLANG_WARN_ENUM_CONVERSION = YES;
				CLANG_WARN_INFINITE_RECURSION = YES;
				CLANG_WARN_INT_CONVERSION = YES;
				CLANG_WARN_NON_LITERAL_NULL_CONVERSION = YES;
				CLANG_WARN_OBJC_IMPLICIT_RETAIN_SELF = YES;
				CLANG_WARN_OBJC_LITERAL_CONVERSION = YES;
				CLANG_WARN_OBJC_ROOT_CLASS = YES_ERROR;
				CLANG_WARN_RANGE_LOOP_ANALYSIS = YES;
				CLANG_WARN_STRICT_PROTOTYPES = YES;
				CLANG_WARN_SUSPICIOUS_MOVE = YES;
				CLANG_WARN_UNGUARDED_AVAILABILITY = YES_AGGRESSIVE;
				CLANG_WARN_UNREACHABLE_CODE = YES;
				CLANG_WARN__DUPLICATE_METHOD_MATCH = YES;
				COPY_PHASE_STRIP = NO;
				DEBUG_INFORMATION_FORMAT = dwarf;
				ENABLE_STRICT_OBJC_MSGSEND = YES;
				ENABLE_TESTABILITY = YES;
				GCC_C_LANGUAGE_STANDARD = gnu11;
				GCC_DYNAMIC_NO_PIC = NO;
				GCC_NO_COMMON_BLOCKS = YES;
				GCC_OPTIMIZATION_LEVEL = 0;
				GCC_PREPROCESSOR_DEFINITIONS = (
					"DEBUG=1",
					"$(inherited)",
				);
				GCC_WARN_64_TO_32_BIT_CONVERSION = YES;
				GCC_WARN_ABOUT_RETURN_TYPE = YES_ERROR;
				GCC_WARN_UNDECLARED_SELECTOR = YES;
				GCC_WARN_UNINITIALIZED_AUTOS = YES_AGGRESSIVE;
				GCC_WARN_UNUSED_FUNCTION = YES;
				GCC_WARN_UNUSED_VARIABLE = YES;
				IPHONEOS_DEPLOYMENT_TARGET = 13.4;
				MTL_ENABLE_DEBUG_INFO = INCLUDE_SOURCE;
				MTL_FAST_MATH = YES;
				ONLY_ACTIVE_ARCH = YES;
				SDKROOT = iphoneos;
				SWIFT_ACTIVE_COMPILATION_CONDITIONS = DEBUG;
				SWIFT_OPTIMIZATION_LEVEL = "-Onone";
			};
			name = Debug;
		};
		1F11D744244EA7D400B31ABD /* Release */ = {
			isa = XCBuildConfiguration;
			buildSettings = {
				ALWAYS_SEARCH_USER_PATHS = NO;
				CLANG_ANALYZER_NONNULL = YES;
				CLANG_ANALYZER_NUMBER_OBJECT_CONVERSION = YES_AGGRESSIVE;
				CLANG_CXX_LANGUAGE_STANDARD = "gnu++14";
				CLANG_CXX_LIBRARY = "libc++";
				CLANG_ENABLE_MODULES = YES;
				CLANG_ENABLE_OBJC_ARC = YES;
				CLANG_ENABLE_OBJC_WEAK = YES;
				CLANG_WARN_BLOCK_CAPTURE_AUTORELEASING = YES;
				CLANG_WARN_BOOL_CONVERSION = YES;
				CLANG_WARN_COMMA = YES;
				CLANG_WARN_CONSTANT_CONVERSION = YES;
				CLANG_WARN_DEPRECATED_OBJC_IMPLEMENTATIONS = YES;
				CLANG_WARN_DIRECT_OBJC_ISA_USAGE = YES_ERROR;
				CLANG_WARN_DOCUMENTATION_COMMENTS = YES;
				CLANG_WARN_EMPTY_BODY = YES;
				CLANG_WARN_ENUM_CONVERSION = YES;
				CLANG_WARN_INFINITE_RECURSION = YES;
				CLANG_WARN_INT_CONVERSION = YES;
				CLANG_WARN_NON_LITERAL_NULL_CONVERSION = YES;
				CLANG_WARN_OBJC_IMPLICIT_RETAIN_SELF = YES;
				CLANG_WARN_OBJC_LITERAL_CONVERSION = YES;
				CLANG_WARN_OBJC_ROOT_CLASS = YES_ERROR;
				CLANG_WARN_RANGE_LOOP_ANALYSIS = YES;
				CLANG_WARN_STRICT_PROTOTYPES = YES;
				CLANG_WARN_SUSPICIOUS_MOVE = YES;
				CLANG_WARN_UNGUARDED_AVAILABILITY = YES_AGGRESSIVE;
				CLANG_WARN_UNREACHABLE_CODE = YES;
				CLANG_WARN__DUPLICATE_METHOD_MATCH = YES;
				COPY_PHASE_STRIP = NO;
				DEBUG_INFORMATION_FORMAT = "dwarf-with-dsym";
				ENABLE_NS_ASSERTIONS = NO;
				ENABLE_STRICT_OBJC_MSGSEND = YES;
				GCC_C_LANGUAGE_STANDARD = gnu11;
				GCC_NO_COMMON_BLOCKS = YES;
				GCC_WARN_64_TO_32_BIT_CONVERSION = YES;
				GCC_WARN_ABOUT_RETURN_TYPE = YES_ERROR;
				GCC_WARN_UNDECLARED_SELECTOR = YES;
				GCC_WARN_UNINITIALIZED_AUTOS = YES_AGGRESSIVE;
				GCC_WARN_UNUSED_FUNCTION = YES;
				GCC_WARN_UNUSED_VARIABLE = YES;
				IPHONEOS_DEPLOYMENT_TARGET = 13.4;
				MTL_ENABLE_DEBUG_INFO = NO;
				MTL_FAST_MATH = YES;
				SDKROOT = iphoneos;
				SWIFT_COMPILATION_MODE = wholemodule;
				SWIFT_OPTIMIZATION_LEVEL = "-O";
				VALIDATE_PRODUCT = YES;
			};
			name = Release;
		};
		1F11D746244EA7D400B31ABD /* Debug */ = {
			isa = XCBuildConfiguration;
			baseConfigurationReference = 040FD5B2942CBC5F7E0B0C5D /* Pods-Instagram.debug.xcconfig */;
			buildSettings = {
				ASSETCATALOG_COMPILER_APPICON_NAME = AppIcon;
				CODE_SIGN_STYLE = Automatic;
				DEVELOPMENT_TEAM = G6R5GT3H5J;
				INFOPLIST_FILE = Instagram/Info.plist;
				LD_RUNPATH_SEARCH_PATHS = (
					"$(inherited)",
					"@executable_path/Frameworks",
				);
				PRODUCT_BUNDLE_IDENTIFIER = "ASW-inc.Instagram";
				PRODUCT_NAME = "$(TARGET_NAME)";
				SWIFT_VERSION = 5.0;
				TARGETED_DEVICE_FAMILY = "1,2";
			};
			name = Debug;
		};
		1F11D747244EA7D400B31ABD /* Release */ = {
			isa = XCBuildConfiguration;
			baseConfigurationReference = 15D26B08A10857C8DFA709F6 /* Pods-Instagram.release.xcconfig */;
			buildSettings = {
				ASSETCATALOG_COMPILER_APPICON_NAME = AppIcon;
				CODE_SIGN_STYLE = Automatic;
				DEVELOPMENT_TEAM = G6R5GT3H5J;
				INFOPLIST_FILE = Instagram/Info.plist;
				LD_RUNPATH_SEARCH_PATHS = (
					"$(inherited)",
					"@executable_path/Frameworks",
				);
				PRODUCT_BUNDLE_IDENTIFIER = "ASW-inc.Instagram";
				PRODUCT_NAME = "$(TARGET_NAME)";
				SWIFT_VERSION = 5.0;
				TARGETED_DEVICE_FAMILY = "1,2";
			};
			name = Release;
		};
/* End XCBuildConfiguration section */

/* Begin XCConfigurationList section */
		1F11D72C244EA7D100B31ABD /* Build configuration list for PBXProject "Instagram" */ = {
			isa = XCConfigurationList;
			buildConfigurations = (
				1F11D743244EA7D400B31ABD /* Debug */,
				1F11D744244EA7D400B31ABD /* Release */,
			);
			defaultConfigurationIsVisible = 0;
			defaultConfigurationName = Release;
		};
		1F11D745244EA7D400B31ABD /* Build configuration list for PBXNativeTarget "Instagram" */ = {
			isa = XCConfigurationList;
			buildConfigurations = (
				1F11D746244EA7D400B31ABD /* Debug */,
				1F11D747244EA7D400B31ABD /* Release */,
			);
			defaultConfigurationIsVisible = 0;
			defaultConfigurationName = Release;
		};
/* End XCConfigurationList section */
	};
	rootObject = 1F11D729244EA7D100B31ABD /* Project object */;
}
